{
    "_meta": {
        "hash": {
            "sha256": "460c7f807b9d8a22a5304d242732085182062134fafd92e1d868388e1f408bcc"
        },
        "pipfile-spec": 6,
        "requires": {
            "python_version": "3.5"
        },
        "sources": [
            {
                "name": "pypi",
                "url": "https://pypi.org/simple",
                "verify_ssl": true
            }
        ]
    },
    "default": {
        "pyside2": {
            "hashes": [
                "sha256:02986ba0215691980d7b126049c9aa392ffa5174079113bc5e62684bde625cb6",
                "sha256:433d8f0251ce3d7200ad5279b378165ad6babb1f10588ce7aae9df86c1e100d1",
                "sha256:5c52c9e1916248c16c12ae925f167e6ca2580c514c0d46fca0933df6a371d204",
                "sha256:8707fac6088dbf3c7262871a8fb5bf9276500f53ef67438b16c096cd510ce2e5",
                "sha256:8d185ba5d84a885eb9aacf25cee4efe1f8e4abff63afb6bc10e7176e475db59e",
                "sha256:e7aa2b4aa5f47c0f26c8907a4f308bca54ad8239bcabca904906b8f4a54e596e"
            ],
            "index": "pypi",
            "version": "==5.13.1"
        },
        "qt-py": {
            "hashes": [
                "sha256:4b972258b25b75ef6eb9cb2b11830fc12c5485f95f92647e033639222bcb8417"
            ],
            "index": "pypi",
            "version": "==1.2.1"
        },
        "shiboken2": {
            "hashes": [
                "sha256:14ca49878c8d545d1b74b0526af81e4ed5064133c682b57cabfa0ac16e7a2ccb",
                "sha256:2aa481ce1097d10f74f7d0570d7f38fa5158e49b2146ae3aae5c8c56623681b1",
                "sha256:cfec94e16b289f7abca6bf7dfc88b877098653855914c9f54d6477f47c68a93b",
                "sha256:dfbb1f2ea86b4ddff9e91589bc93c9b6e2702ab09285cdc151daa8096442a665",
                "sha256:f18ccc6f1870ab3fb7087412a745dfc4275c8afb1b645b88d982a5708032f3e3",
                "sha256:f341940069fe764f2a9c3a06a9844c4c353c94227d3dbc304640f34b42c02d7a"
            ],
            "version": "==5.13.1"
        }
    },
    "develop": {}
}
